
Microsoft Visual Studio Solution File, Format Version 12.00
# Visual Studio Version 16
VisualStudioVersion = 16.0.31624.102
MinimumVisualStudioVersion = 10.0.40219.1
Project("{FAE04EC0-301F-11D3-BF4B-00C04F79EFBC}") = "project1", "project1\project1.csproj", "{27B16D5C-C52D-45A0-A9FC-3DE695CF7118}"
EndProject
Project("{FAE04EC0-301F-11D3-BF4B-00C04F79EFBC}") = "Lab1", "Lab1\Lab1.csproj", "{834BD058-E476-4D4C-B561-93CF8D2667FF}"
EndProject
Global
	GlobalSection(SolutionConfigurationPlatforms) = preSolution
		Debug|Any CPU = Debug|Any CPU
		Release|Any CPU = Release|Any CPU
	EndGlobalSection
	GlobalSection(ProjectConfigurationPlatforms) = postSolution
		{27B16D5C-C52D-45A0-A9FC-3DE695CF7118}.Debug|Any CPU.ActiveCfg = Debug|Any CPU
		{27B16D5C-C52D-45A0-A9FC-3DE695CF7118}.Debug|Any CPU.Build.0 = Debug|Any CPU
		{27B16D5C-C52D-45A0-A9FC-3DE695CF7118}.Release|Any CPU.ActiveCfg = Release|Any CPU
		{27B16D5C-C52D-45A0-A9FC-3DE695CF7118}.Release|Any CPU.Build.0 = Release|Any CPU
		{834BD058-E476-4D4C-B561-93CF8D2667FF}.Debug|Any CPU.ActiveCfg = Debug|Any CPU
		{834BD058-E476-4D4C-B561-93CF8D2667FF}.Debug|Any CPU.Build.0 = Debug|Any CPU
		{834BD058-E476-4D4C-B561-93CF8D2667FF}.Release|Any CPU.ActiveCfg = Release|Any CPU
		{834BD058-E476-4D4C-B561-93CF8D2667FF}.Release|Any CPU.Build.0 = Release|Any CPU
	EndGlobalSection
	GlobalSection(SolutionProperties) = preSolution
		HideSolutionNode = FALSE
	EndGlobalSection
	GlobalSection(ExtensibilityGlobals) = postSolution
		SolutionGuid = {5C137280-70B7-4E9C-9C63-A92B0AEA40B6}
	EndGlobalSection
EndGlobal
